
Microsoft Visual Studio Solution File, Format Version 12.00
# Visual Studio Version 16
VisualStudioVersion = 16.0.29728.190
MinimumVisualStudioVersion = 10.0.40219.1
Project("{2150E333-8FDC-42A3-9474-1A3956D46DE8}") = "src", "src", "{0BFDDA9F-1763-4DD2-AAD6-B27D0BA1C6B6}"
EndProject
Project("{9A19103F-16F7-4668-BE54-9A1E7A4F7556}") = "TypistApp", "src\TypistApp\TypistApp.csproj", "{7630C141-668C-47B8-8ACC-34AB428C9B20}"
EndProject
Project("{2150E333-8FDC-42A3-9474-1A3956D46DE8}") = "tests", "tests", "{1C8BDE71-47B6-4E88-9CAE-D7F2C31D540F}"
EndProject
Project("{9A19103F-16F7-4668-BE54-9A1E7A4F7556}") = "TypistApp.Tests", "tests\TypistApp.Tests\TypistApp.Tests.csproj", "{305D8A8A-21FD-4749-88A1-F6944F416EF8}"
EndProject
Project("{9A19103F-16F7-4668-BE54-9A1E7A4F7556}") = "Typist.WasmApp", "src\Typist.WasmApp\Typist.WasmApp.csproj", "{E5549895-B386-4748-A9C7-4785D6923F51}"
EndProject
Global
	GlobalSection(SolutionConfigurationPlatforms) = preSolution
		Debug|Any CPU = Debug|Any CPU
		Release|Any CPU = Release|Any CPU
	EndGlobalSection
	GlobalSection(ProjectConfigurationPlatforms) = postSolution
		{7630C141-668C-47B8-8ACC-34AB428C9B20}.Debug|Any CPU.ActiveCfg = Debug|Any CPU
		{7630C141-668C-47B8-8ACC-34AB428C9B20}.Debug|Any CPU.Build.0 = Debug|Any CPU
		{7630C141-668C-47B8-8ACC-34AB428C9B20}.Release|Any CPU.ActiveCfg = Release|Any CPU
		{7630C141-668C-47B8-8ACC-34AB428C9B20}.Release|Any CPU.Build.0 = Release|Any CPU
		{305D8A8A-21FD-4749-88A1-F6944F416EF8}.Debug|Any CPU.ActiveCfg = Debug|Any CPU
		{305D8A8A-21FD-4749-88A1-F6944F416EF8}.Debug|Any CPU.Build.0 = Debug|Any CPU
		{305D8A8A-21FD-4749-88A1-F6944F416EF8}.Release|Any CPU.ActiveCfg = Release|Any CPU
		{305D8A8A-21FD-4749-88A1-F6944F416EF8}.Release|Any CPU.Build.0 = Release|Any CPU
		{E5549895-B386-4748-A9C7-4785D6923F51}.Debug|Any CPU.ActiveCfg = Debug|Any CPU
		{E5549895-B386-4748-A9C7-4785D6923F51}.Debug|Any CPU.Build.0 = Debug|Any CPU
		{E5549895-B386-4748-A9C7-4785D6923F51}.Release|Any CPU.ActiveCfg = Release|Any CPU
		{E5549895-B386-4748-A9C7-4785D6923F51}.Release|Any CPU.Build.0 = Release|Any CPU
	EndGlobalSection
	GlobalSection(SolutionProperties) = preSolution
		HideSolutionNode = FALSE
	EndGlobalSection
	GlobalSection(NestedProjects) = preSolution
		{7630C141-668C-47B8-8ACC-34AB428C9B20} = {0BFDDA9F-1763-4DD2-AAD6-B27D0BA1C6B6}
		{305D8A8A-21FD-4749-88A1-F6944F416EF8} = {1C8BDE71-47B6-4E88-9CAE-D7F2C31D540F}
		{E5549895-B386-4748-A9C7-4785D6923F51} = {0BFDDA9F-1763-4DD2-AAD6-B27D0BA1C6B6}
	EndGlobalSection
	GlobalSection(ExtensibilityGlobals) = postSolution
		SolutionGuid = {F943026E-1D46-4119-B21A-4EDFCA74077B}
	EndGlobalSection
EndGlobal
